
Microsoft Visual Studio Solution File, Format Version 12.00
# Visual Studio Version 17
VisualStudioVersion = 17.5.33627.172
MinimumVisualStudioVersion = 10.0.40219.1
Project("{FAE04EC0-301F-11D3-BF4B-00C04F79EFBC}") = "PokemonAPI", "PokemonAPI\PokemonAPI.csproj", "{E216FCCB-9CC9-4833-8984-CC2DC20290E7}"
EndProject
Project("{FAE04EC0-301F-11D3-BF4B-00C04F79EFBC}") = "PokemonAPI_UnitTests", "PokemonAPI_UnitTests\PokemonAPI_UnitTests.csproj", "{3B926D51-258B-451F-BD76-F7A8BD1435B8}"
EndProject
Global
	GlobalSection(SolutionConfigurationPlatforms) = preSolution
		Debug|Any CPU = Debug|Any CPU
		Release|Any CPU = Release|Any CPU
	EndGlobalSection
	GlobalSection(ProjectConfigurationPlatforms) = postSolution
		{E216FCCB-9CC9-4833-8984-CC2DC20290E7}.Debug|Any CPU.ActiveCfg = Debug|Any CPU
		{E216FCCB-9CC9-4833-8984-CC2DC20290E7}.Debug|Any CPU.Build.0 = Debug|Any CPU
		{E216FCCB-9CC9-4833-8984-CC2DC20290E7}.Release|Any CPU.ActiveCfg = Release|Any CPU
		{E216FCCB-9CC9-4833-8984-CC2DC20290E7}.Release|Any CPU.Build.0 = Release|Any CPU
		{3B926D51-258B-451F-BD76-F7A8BD1435B8}.Debug|Any CPU.ActiveCfg = Debug|Any CPU
		{3B926D51-258B-451F-BD76-F7A8BD1435B8}.Debug|Any CPU.Build.0 = Debug|Any CPU
		{3B926D51-258B-451F-BD76-F7A8BD1435B8}.Release|Any CPU.ActiveCfg = Release|Any CPU
		{3B926D51-258B-451F-BD76-F7A8BD1435B8}.Release|Any CPU.Build.0 = Release|Any CPU
	EndGlobalSection
	GlobalSection(SolutionProperties) = preSolution
		HideSolutionNode = FALSE
	EndGlobalSection
	GlobalSection(ExtensibilityGlobals) = postSolution
		SolutionGuid = {573A0510-297F-4CC5-9AFD-FDE0D336DBA4}
	EndGlobalSection
EndGlobal
